
Microsoft Visual Studio Solution File, Format Version 12.00
# Visual Studio Version 17
VisualStudioVersion = 17.0.32112.339
MinimumVisualStudioVersion = 10.0.40219.1
Project("{8BC9CEB8-8B4A-11D0-8D11-00A0C91BC942}") = "Lesson 1 basic types_input_output_first_app", "Lesson 1 basic types_input_output_first_app\Lesson 1 basic types_input_output_first_app.vcxproj", "{88900F7C-762A-4FE5-B944-CE106F1596F5}"
EndProject
Project("{8BC9CEB8-8B4A-11D0-8D11-00A0C91BC942}") = "Lesson 2, Basic mathematical operations, basic logical operations", "Lesson 2, Basic mathematical operations, basic logical operations\Lesson 2, Basic mathematical operations, basic logical operations.vcxproj", "{20EEC6F1-B465-4008-AEE9-2D09B36DE80D}"
EndProject
Global
	GlobalSection(SolutionConfigurationPlatforms) = preSolution
		Debug|x64 = Debug|x64
		Debug|x86 = Debug|x86
		Release|x64 = Release|x64
		Release|x86 = Release|x86
	EndGlobalSection
	GlobalSection(ProjectConfigurationPlatforms) = postSolution
		{88900F7C-762A-4FE5-B944-CE106F1596F5}.Debug|x64.ActiveCfg = Debug|x64
		{88900F7C-762A-4FE5-B944-CE106F1596F5}.Debug|x64.Build.0 = Debug|x64
		{88900F7C-762A-4FE5-B944-CE106F1596F5}.Debug|x86.ActiveCfg = Debug|Win32
		{88900F7C-762A-4FE5-B944-CE106F1596F5}.Debug|x86.Build.0 = Debug|Win32
		{88900F7C-762A-4FE5-B944-CE106F1596F5}.Release|x64.ActiveCfg = Release|x64
		{88900F7C-762A-4FE5-B944-CE106F1596F5}.Release|x64.Build.0 = Release|x64
		{88900F7C-762A-4FE5-B944-CE106F1596F5}.Release|x86.ActiveCfg = Release|Win32
		{88900F7C-762A-4FE5-B944-CE106F1596F5}.Release|x86.Build.0 = Release|Win32
		{20EEC6F1-B465-4008-AEE9-2D09B36DE80D}.Debug|x64.ActiveCfg = Debug|x64
		{20EEC6F1-B465-4008-AEE9-2D09B36DE80D}.Debug|x64.Build.0 = Debug|x64
		{20EEC6F1-B465-4008-AEE9-2D09B36DE80D}.Debug|x86.ActiveCfg = Debug|Win32
		{20EEC6F1-B465-4008-AEE9-2D09B36DE80D}.Debug|x86.Build.0 = Debug|Win32
		{20EEC6F1-B465-4008-AEE9-2D09B36DE80D}.Release|x64.ActiveCfg = Release|x64
		{20EEC6F1-B465-4008-AEE9-2D09B36DE80D}.Release|x64.Build.0 = Release|x64
		{20EEC6F1-B465-4008-AEE9-2D09B36DE80D}.Release|x86.ActiveCfg = Release|Win32
		{20EEC6F1-B465-4008-AEE9-2D09B36DE80D}.Release|x86.Build.0 = Release|Win32
	EndGlobalSection
	GlobalSection(SolutionProperties) = preSolution
		HideSolutionNode = FALSE
	EndGlobalSection
	GlobalSection(ExtensibilityGlobals) = postSolution
		SolutionGuid = {39781621-DA76-41A3-AC6E-D280B49DE0B8}
	EndGlobalSection
EndGlobal
